
Microsoft Visual Studio Solution File, Format Version 12.00
# Visual Studio 15
VisualStudioVersion = 15.0.28307.271
MinimumVisualStudioVersion = 10.0.40219.1
Project("{FAE04EC0-301F-11D3-BF4B-00C04F79EFBC}") = "CS6232GroupProject", "CS6232GroupProject\CS6232GroupProject.csproj", "{59BD5644-1070-4644-8CAA-0930544D2E7C}"
EndProject
Global
	GlobalSection(SolutionConfigurationPlatforms) = preSolution
		Debug|Any CPU = Debug|Any CPU
		Release|Any CPU = Release|Any CPU
	EndGlobalSection
	GlobalSection(ProjectConfigurationPlatforms) = postSolution
		{59BD5644-1070-4644-8CAA-0930544D2E7C}.Debug|Any CPU.ActiveCfg = Debug|Any CPU
		{59BD5644-1070-4644-8CAA-0930544D2E7C}.Debug|Any CPU.Build.0 = Debug|Any CPU
		{59BD5644-1070-4644-8CAA-0930544D2E7C}.Release|Any CPU.ActiveCfg = Release|Any CPU
		{59BD5644-1070-4644-8CAA-0930544D2E7C}.Release|Any CPU.Build.0 = Release|Any CPU
	EndGlobalSection
	GlobalSection(SolutionProperties) = preSolution
		HideSolutionNode = FALSE
	EndGlobalSection
	GlobalSection(ExtensibilityGlobals) = postSolution
		SolutionGuid = {7E7AB930-3A6B-4357-9E84-BF9220826EFB}
	EndGlobalSection
EndGlobal
